{
  "name": "simple-token",
  "version": "1.0.0",
  "lockfileVersion": 1,
  "requires": true,
  "dependencies": {
    "base64-url": {
      "version": "2.3.3",
      "resolved": "https://registry.npmjs.org/base64-url/-/base64-url-2.3.3.tgz",
      "integrity": "sha512-dLMhIsK7OplcDauDH/tZLvK7JmUZK3A7KiQpjNzsBrM6Etw7hzNI1tLEywqJk9NnwkgWuFKSlx/IUO7vF6Mo8Q=="
    },
    "crypto-js": {
      "version": "4.0.0",
      "resolved": "https://registry.npmjs.org/crypto-js/-/crypto-js-4.0.0.tgz",
      "integrity": "sha512-bzHZN8Pn+gS7DQA6n+iUmBfl0hO5DJq++QP3U6uTucDtk/0iGpXd/Gg7CGR0p8tJhofJyaKoWBuJI4eAO00BBg=="
    },
    "uuid": {
      "version": "8.2.0",
      "resolved": "https://registry.npmjs.org/uuid/-/uuid-8.2.0.tgz",
      "integrity": "sha512-CYpGiFTUrmI6OBMkAdjSDM0k5h8SkkiTP4WAjQgDgNB1S3Ou9VBEvr6q0Kv2H1mMk7IWfxYGpMH5sd5AvcIV2Q=="
    }
  }
}
